
Microsoft Visual Studio Solution File, Format Version 12.00
# Visual Studio 15
VisualStudioVersion = 15.0.27130.2027
MinimumVisualStudioVersion = 10.0.40219.1
Project("{9A19103F-16F7-4668-BE54-9A1E7A4F7556}") = "SMessaging", "src\SMessaging\SMessaging.csproj", "{9CC57A33-FE99-4551-BDC6-7BB86CE7EE96}"
EndProject
Project("{9A19103F-16F7-4668-BE54-9A1E7A4F7556}") = "SMessaging.Abstractions", "src\SMessaging.Abstractions\SMessaging.Abstractions.csproj", "{6EE38621-2150-4F5F-8DE7-517FC8C62CE4}"
EndProject
Project("{2150E333-8FDC-42A3-9474-1A3956D46DE8}") = "Samples", "Samples", "{B6E76E63-1FF6-4BD6-A599-FEB1A73D4721}"
EndProject
Project("{9A19103F-16F7-4668-BE54-9A1E7A4F7556}") = "SMessaging.Tests", "src\SMessaging.Tests\SMessaging.Tests.csproj", "{8BFD955E-7521-4383-A190-B3EEC828BBF8}"
EndProject
Project("{9A19103F-16F7-4668-BE54-9A1E7A4F7556}") = "AspNetCoreMessagingSample", "samples\AspNetCoreMessagingSample\AspNetCoreMessagingSample.csproj", "{9B329A2D-FF24-4921-ABBE-24B05ED71E60}"
EndProject
Project("{9A19103F-16F7-4668-BE54-9A1E7A4F7556}") = "AspNetCoreCqrsSample", "samples\AspNetCoreCqrsSample\AspNetCoreCqrsSample.csproj", "{5BEFF67D-9836-4979-99DB-61CB71B5F378}"
EndProject
Project("{FAE04EC0-301F-11D3-BF4B-00C04F79EFBC}") = "ConsoleAppMessagingSample", "samples\ConsoleAppMessagingSample\ConsoleAppMessagingSample.csproj", "{2B13BC0B-0560-47FA-AD78-531E491BA06C}"
EndProject
Global
	GlobalSection(SolutionConfigurationPlatforms) = preSolution
		Debug|Any CPU = Debug|Any CPU
		Release|Any CPU = Release|Any CPU
	EndGlobalSection
	GlobalSection(ProjectConfigurationPlatforms) = postSolution
		{9CC57A33-FE99-4551-BDC6-7BB86CE7EE96}.Debug|Any CPU.ActiveCfg = Debug|Any CPU
		{9CC57A33-FE99-4551-BDC6-7BB86CE7EE96}.Debug|Any CPU.Build.0 = Debug|Any CPU
		{9CC57A33-FE99-4551-BDC6-7BB86CE7EE96}.Release|Any CPU.ActiveCfg = Release|Any CPU
		{9CC57A33-FE99-4551-BDC6-7BB86CE7EE96}.Release|Any CPU.Build.0 = Release|Any CPU
		{6EE38621-2150-4F5F-8DE7-517FC8C62CE4}.Debug|Any CPU.ActiveCfg = Debug|Any CPU
		{6EE38621-2150-4F5F-8DE7-517FC8C62CE4}.Debug|Any CPU.Build.0 = Debug|Any CPU
		{6EE38621-2150-4F5F-8DE7-517FC8C62CE4}.Release|Any CPU.ActiveCfg = Release|Any CPU
		{6EE38621-2150-4F5F-8DE7-517FC8C62CE4}.Release|Any CPU.Build.0 = Release|Any CPU
		{8BFD955E-7521-4383-A190-B3EEC828BBF8}.Debug|Any CPU.ActiveCfg = Debug|Any CPU
		{8BFD955E-7521-4383-A190-B3EEC828BBF8}.Debug|Any CPU.Build.0 = Debug|Any CPU
		{8BFD955E-7521-4383-A190-B3EEC828BBF8}.Release|Any CPU.ActiveCfg = Release|Any CPU
		{8BFD955E-7521-4383-A190-B3EEC828BBF8}.Release|Any CPU.Build.0 = Release|Any CPU
		{9B329A2D-FF24-4921-ABBE-24B05ED71E60}.Debug|Any CPU.ActiveCfg = Debug|Any CPU
		{9B329A2D-FF24-4921-ABBE-24B05ED71E60}.Debug|Any CPU.Build.0 = Debug|Any CPU
		{9B329A2D-FF24-4921-ABBE-24B05ED71E60}.Release|Any CPU.ActiveCfg = Release|Any CPU
		{9B329A2D-FF24-4921-ABBE-24B05ED71E60}.Release|Any CPU.Build.0 = Release|Any CPU
		{5BEFF67D-9836-4979-99DB-61CB71B5F378}.Debug|Any CPU.ActiveCfg = Debug|Any CPU
		{5BEFF67D-9836-4979-99DB-61CB71B5F378}.Debug|Any CPU.Build.0 = Debug|Any CPU
		{5BEFF67D-9836-4979-99DB-61CB71B5F378}.Release|Any CPU.ActiveCfg = Release|Any CPU
		{5BEFF67D-9836-4979-99DB-61CB71B5F378}.Release|Any CPU.Build.0 = Release|Any CPU
		{2B13BC0B-0560-47FA-AD78-531E491BA06C}.Debug|Any CPU.ActiveCfg = Debug|Any CPU
		{2B13BC0B-0560-47FA-AD78-531E491BA06C}.Debug|Any CPU.Build.0 = Debug|Any CPU
		{2B13BC0B-0560-47FA-AD78-531E491BA06C}.Release|Any CPU.ActiveCfg = Release|Any CPU
		{2B13BC0B-0560-47FA-AD78-531E491BA06C}.Release|Any CPU.Build.0 = Release|Any CPU
	EndGlobalSection
	GlobalSection(SolutionProperties) = preSolution
		HideSolutionNode = FALSE
	EndGlobalSection
	GlobalSection(NestedProjects) = preSolution
		{9B329A2D-FF24-4921-ABBE-24B05ED71E60} = {B6E76E63-1FF6-4BD6-A599-FEB1A73D4721}
		{5BEFF67D-9836-4979-99DB-61CB71B5F378} = {B6E76E63-1FF6-4BD6-A599-FEB1A73D4721}
		{2B13BC0B-0560-47FA-AD78-531E491BA06C} = {B6E76E63-1FF6-4BD6-A599-FEB1A73D4721}
	EndGlobalSection
	GlobalSection(ExtensibilityGlobals) = postSolution
		SolutionGuid = {4F1F0C9F-0B40-48DE-8E02-BF539579D547}
	EndGlobalSection
EndGlobal
